{
  "name": "circum-icons-inferno",
  "version": "3.0.0",
  "lockfileVersion": 3,
  "requires": true,
  "packages": {
    "": {
      "name": "circum-icons-inferno",
      "version": "3.0.0",
      "license": "NCSA",
      "peerDependencies": {
        "inferno": "^8.2.2"
      }
    },
    "node_modules/csstype": {
      "version": "3.1.2",
      "resolved": "https://registry.npmjs.org/csstype/-/csstype-3.1.2.tgz",
      "integrity": "sha512-I7K1Uu0MBPzaFKg4nI5Q7Vs2t+3gWWW648spaF+Rg7pI9ds18Ugn+lvg4SHczUdKlHI5LWBXyqfS8+DufyBsgQ==",
      "peer": true
    },
    "node_modules/inferno": {
      "version": "8.2.2",
      "resolved": "https://registry.npmjs.org/inferno/-/inferno-8.2.2.tgz",
      "integrity": "sha512-KyCPnsK6eEzAzC6Ulmkc2S3LQSZC6DJSLHdH4zurK2DQ7lyu7e+Q5SziG7/qKufhWtCUgTwUHVzaYk5E2BzI2Q==",
      "hasInstallScript": true,
      "peer": true,
      "dependencies": {
        "csstype": "^3.1.2",
        "inferno-vnode-flags": "8.2.2",
        "opencollective-postinstall": "^2.0.3"
      },
      "funding": {
        "type": "opencollective",
        "url": "https://opencollective.com/inferno"
      }
    },
    "node_modules/inferno-vnode-flags": {
      "version": "8.2.2",
      "resolved": "https://registry.npmjs.org/inferno-vnode-flags/-/inferno-vnode-flags-8.2.2.tgz",
      "integrity": "sha512-ZyGXfFdaBpWCrU25jf/8PqB+C53WnFzpnctCYqL80fV0rQSem3Fjb6nIHGPOJdVc81TkXSKoyoCua/Qfbtc0rw==",
      "peer": true
    },
    "node_modules/opencollective-postinstall": {
      "version": "2.0.3",
      "resolved": "https://registry.npmjs.org/opencollective-postinstall/-/opencollective-postinstall-2.0.3.tgz",
      "integrity": "sha512-8AV/sCtuzUeTo8gQK5qDZzARrulB3egtLzFgteqB2tcT4Mw7B8Kt7JcDHmltjz6FOAHsvTevk70gZEbhM4ZS9Q==",
      "peer": true,
      "bin": {
        "opencollective-postinstall": "index.js"
      }
    }
  }
}
